
Microsoft Visual Studio Solution File, Format Version 12.00
# Visual Studio Version 17
VisualStudioVersion = 17.3.32901.215
MinimumVisualStudioVersion = 10.0.40219.1
Project("{FAE04EC0-301F-11D3-BF4B-00C04F79EFBC}") = "Server", "Server\Server.csproj", "{89ADE387-74BE-4044-8B61-C80FF37AC2EE}"
EndProject
Project("{FAE04EC0-301F-11D3-BF4B-00C04F79EFBC}") = "Client", "Client\Client.csproj", "{178B612F-7538-49F4-819B-0C926E3B94D1}"
	ProjectSection(ProjectDependencies) = postProject
		{89ADE387-74BE-4044-8B61-C80FF37AC2EE} = {89ADE387-74BE-4044-8B61-C80FF37AC2EE}
	EndProjectSection
EndProject
Global
	GlobalSection(SolutionConfigurationPlatforms) = preSolution
		Debug|Any CPU = Debug|Any CPU
		Release|Any CPU = Release|Any CPU
	EndGlobalSection
	GlobalSection(ProjectConfigurationPlatforms) = postSolution
		{89ADE387-74BE-4044-8B61-C80FF37AC2EE}.Debug|Any CPU.ActiveCfg = Debug|Any CPU
		{89ADE387-74BE-4044-8B61-C80FF37AC2EE}.Debug|Any CPU.Build.0 = Debug|Any CPU
		{89ADE387-74BE-4044-8B61-C80FF37AC2EE}.Release|Any CPU.ActiveCfg = Release|Any CPU
		{89ADE387-74BE-4044-8B61-C80FF37AC2EE}.Release|Any CPU.Build.0 = Release|Any CPU
		{178B612F-7538-49F4-819B-0C926E3B94D1}.Debug|Any CPU.ActiveCfg = Debug|Any CPU
		{178B612F-7538-49F4-819B-0C926E3B94D1}.Debug|Any CPU.Build.0 = Debug|Any CPU
		{178B612F-7538-49F4-819B-0C926E3B94D1}.Release|Any CPU.ActiveCfg = Release|Any CPU
		{178B612F-7538-49F4-819B-0C926E3B94D1}.Release|Any CPU.Build.0 = Release|Any CPU
	EndGlobalSection
	GlobalSection(SolutionProperties) = preSolution
		HideSolutionNode = FALSE
	EndGlobalSection
	GlobalSection(ExtensibilityGlobals) = postSolution
		SolutionGuid = {95C1FEBB-C0D3-4CA8-88FF-4C2403160A65}
	EndGlobalSection
EndGlobal
